{
  "pins" : [
    {
      "identity" : "ios-sdk-core",
      "kind" : "remoteSourceControl",
      "location" : "https://github.com/MapConductor/ios-sdk-core",
      "state" : {
        "revision" : "2a4b52d30ce3c8e6a064d4f1c622c1ac13b08a86",
        "version" : "1.0.5"
      }
    }
  ],
  "version" : 2
}
